
Microsoft Visual Studio Solution File, Format Version 12.00
# Visual Studio Version 16
VisualStudioVersion = 16.0.31729.503
MinimumVisualStudioVersion = 10.0.40219.1
Project("{FAE04EC0-301F-11D3-BF4B-00C04F79EFBC}") = "VjezbaKec", "VjezbaKec\VjezbaKec.csproj", "{5CC2A49E-92A5-440B-8FD6-FE4144944A15}"
EndProject
Global
	GlobalSection(SolutionConfigurationPlatforms) = preSolution
		Debug|Any CPU = Debug|Any CPU
		Release|Any CPU = Release|Any CPU
	EndGlobalSection
	GlobalSection(ProjectConfigurationPlatforms) = postSolution
		{5CC2A49E-92A5-440B-8FD6-FE4144944A15}.Debug|Any CPU.ActiveCfg = Debug|Any CPU
		{5CC2A49E-92A5-440B-8FD6-FE4144944A15}.Debug|Any CPU.Build.0 = Debug|Any CPU
		{5CC2A49E-92A5-440B-8FD6-FE4144944A15}.Release|Any CPU.ActiveCfg = Release|Any CPU
		{5CC2A49E-92A5-440B-8FD6-FE4144944A15}.Release|Any CPU.Build.0 = Release|Any CPU
	EndGlobalSection
	GlobalSection(SolutionProperties) = preSolution
		HideSolutionNode = FALSE
	EndGlobalSection
	GlobalSection(ExtensibilityGlobals) = postSolution
		SolutionGuid = {844F4F0D-2FE5-40B6-9111-FF22AA8C10B3}
	EndGlobalSection
EndGlobal
